
Microsoft Visual Studio Solution File, Format Version 12.00
# Visual Studio Version 17
VisualStudioVersion = 17.3.32929.385
MinimumVisualStudioVersion = 10.0.40219.1
Project("{FAE04EC0-301F-11D3-BF4B-00C04F79EFBC}") = "Noob Coder", "Noob Coder\Noob Coder.csproj", "{FC1D79D8-EF4B-43D3-88C4-53D8CFA23973}"
EndProject
Project("{2150E333-8FDC-42A3-9474-1A3956D46DE8}") = "Solution Items", "Solution Items", "{19CF515B-91DC-42D1-90F9-485F0CF7387D}"
	ProjectSection(SolutionItems) = preProject
		README.md = README.md
		Directory.Build.props = Directory.Build.props
		HISTORY.md = HISTORY.md
	EndProjectSection
EndProject
Global
	GlobalSection(SolutionConfigurationPlatforms) = preSolution
		Debug|Any CPU = Debug|Any CPU
		Release|Any CPU = Release|Any CPU
	EndGlobalSection
	GlobalSection(ProjectConfigurationPlatforms) = postSolution
		{FC1D79D8-EF4B-43D3-88C4-53D8CFA23973}.Debug|Any CPU.ActiveCfg = Debug|Any CPU
		{FC1D79D8-EF4B-43D3-88C4-53D8CFA23973}.Debug|Any CPU.Build.0 = Debug|Any CPU
		{FC1D79D8-EF4B-43D3-88C4-53D8CFA23973}.Release|Any CPU.ActiveCfg = Release|Any CPU
		{FC1D79D8-EF4B-43D3-88C4-53D8CFA23973}.Release|Any CPU.Build.0 = Release|Any CPU
	EndGlobalSection
	GlobalSection(SolutionProperties) = preSolution
		HideSolutionNode = FALSE
	EndGlobalSection
	GlobalSection(ExtensibilityGlobals) = postSolution
		SolutionGuid = {8B196331-9F4F-47E7-9A25-A181BD5D6284}
	EndGlobalSection
EndGlobal
